
Microsoft Visual Studio Solution File, Format Version 12.00
# Visual Studio 15
Project("{FAE04EC0-301F-11D3-BF4B-00C04F79EFBC}") = "NavMeshComponents", "NavMeshComponents.csproj", "{D5F19AFA-451E-AEC6-EF37-E1AB477F081C}"
EndProject
Project("{FAE04EC0-301F-11D3-BF4B-00C04F79EFBC}") = "Assembly-CSharp", "Assembly-CSharp.csproj", "{BF0C1FFE-7C67-5B9E-8CA6-31D6B47FC2EE}"
EndProject
Project("{FAE04EC0-301F-11D3-BF4B-00C04F79EFBC}") = "NavMeshComponentsEditor", "NavMeshComponentsEditor.csproj", "{3CD6985A-2175-F368-9562-192A7C82686F}"
EndProject
Global
	GlobalSection(SolutionConfigurationPlatforms) = preSolution
		Debug|Any CPU = Debug|Any CPU
		Release|Any CPU = Release|Any CPU
	EndGlobalSection
	GlobalSection(ProjectConfigurationPlatforms) = postSolution
		{D5F19AFA-451E-AEC6-EF37-E1AB477F081C}.Debug|Any CPU.ActiveCfg = Debug|Any CPU
		{D5F19AFA-451E-AEC6-EF37-E1AB477F081C}.Debug|Any CPU.Build.0 = Debug|Any CPU
		{D5F19AFA-451E-AEC6-EF37-E1AB477F081C}.Release|Any CPU.ActiveCfg = Release|Any CPU
		{D5F19AFA-451E-AEC6-EF37-E1AB477F081C}.Release|Any CPU.Build.0 = Release|Any CPU
		{BF0C1FFE-7C67-5B9E-8CA6-31D6B47FC2EE}.Debug|Any CPU.ActiveCfg = Debug|Any CPU
		{BF0C1FFE-7C67-5B9E-8CA6-31D6B47FC2EE}.Debug|Any CPU.Build.0 = Debug|Any CPU
		{BF0C1FFE-7C67-5B9E-8CA6-31D6B47FC2EE}.Release|Any CPU.ActiveCfg = Release|Any CPU
		{BF0C1FFE-7C67-5B9E-8CA6-31D6B47FC2EE}.Release|Any CPU.Build.0 = Release|Any CPU
		{3CD6985A-2175-F368-9562-192A7C82686F}.Debug|Any CPU.ActiveCfg = Debug|Any CPU
		{3CD6985A-2175-F368-9562-192A7C82686F}.Debug|Any CPU.Build.0 = Debug|Any CPU
		{3CD6985A-2175-F368-9562-192A7C82686F}.Release|Any CPU.ActiveCfg = Release|Any CPU
		{3CD6985A-2175-F368-9562-192A7C82686F}.Release|Any CPU.Build.0 = Release|Any CPU
	EndGlobalSection
	GlobalSection(SolutionProperties) = preSolution
		HideSolutionNode = FALSE
	EndGlobalSection
EndGlobal
