
Microsoft Visual Studio Solution File, Format Version 12.00
# Visual Studio 15
Project("{FAE04EC0-301F-11D3-BF4B-00C04F79EFBC}") = "NavMeshComponents", "NavMeshComponents.csproj", "{8DE2431D-1FBF-2E88-6B37-FA8B9555C001}"
EndProject
Project("{FAE04EC0-301F-11D3-BF4B-00C04F79EFBC}") = "Assembly-CSharp", "Assembly-CSharp.csproj", "{BBC397EF-BDFC-95B2-9C0E-3D1195927914}"
EndProject
Project("{FAE04EC0-301F-11D3-BF4B-00C04F79EFBC}") = "NavMeshComponentsEditor", "NavMeshComponentsEditor.csproj", "{FC96D935-762C-7D63-04C4-D130F1C934D3}"
EndProject
Global
	GlobalSection(SolutionConfigurationPlatforms) = preSolution
		Debug|Any CPU = Debug|Any CPU
		Release|Any CPU = Release|Any CPU
	EndGlobalSection
	GlobalSection(ProjectConfigurationPlatforms) = postSolution
		{8DE2431D-1FBF-2E88-6B37-FA8B9555C001}.Debug|Any CPU.ActiveCfg = Debug|Any CPU
		{8DE2431D-1FBF-2E88-6B37-FA8B9555C001}.Debug|Any CPU.Build.0 = Debug|Any CPU
		{8DE2431D-1FBF-2E88-6B37-FA8B9555C001}.Release|Any CPU.ActiveCfg = Release|Any CPU
		{8DE2431D-1FBF-2E88-6B37-FA8B9555C001}.Release|Any CPU.Build.0 = Release|Any CPU
		{BBC397EF-BDFC-95B2-9C0E-3D1195927914}.Debug|Any CPU.ActiveCfg = Debug|Any CPU
		{BBC397EF-BDFC-95B2-9C0E-3D1195927914}.Debug|Any CPU.Build.0 = Debug|Any CPU
		{BBC397EF-BDFC-95B2-9C0E-3D1195927914}.Release|Any CPU.ActiveCfg = Release|Any CPU
		{BBC397EF-BDFC-95B2-9C0E-3D1195927914}.Release|Any CPU.Build.0 = Release|Any CPU
		{FC96D935-762C-7D63-04C4-D130F1C934D3}.Debug|Any CPU.ActiveCfg = Debug|Any CPU
		{FC96D935-762C-7D63-04C4-D130F1C934D3}.Debug|Any CPU.Build.0 = Debug|Any CPU
		{FC96D935-762C-7D63-04C4-D130F1C934D3}.Release|Any CPU.ActiveCfg = Release|Any CPU
		{FC96D935-762C-7D63-04C4-D130F1C934D3}.Release|Any CPU.Build.0 = Release|Any CPU
	EndGlobalSection
	GlobalSection(SolutionProperties) = preSolution
		HideSolutionNode = FALSE
	EndGlobalSection
EndGlobal
